// !$*UTF8*$!
{
	archiveVersion = 1;
	classes = {
	};
	objectVersion = 110;
	objects = {

/* Begin PBXContainerItemProxy section */
		C27FD5F2303A2AEE007C26DE /* PBXContainerItemProxy */ = {
			isa = PBXContainerItemProxy;
			containerPortal = C27FD5DA303A2AEC007C26DE /* Project object */;
			proxyType = 1;
			remoteGlobalIDString = C27FD5E1303A2AEC007C26DE;
			remoteInfo = FujiSort;
		};
		C27FD5FC303A2AEE007C26DE /* PBXContainerItemProxy */ = {
			isa = PBXContainerItemProxy;
			containerPortal = C27FD5DA303A2AEC007C26DE /* Project object */;
			proxyType = 1;
			remoteGlobalIDString = C27FD5E1303A2AEC007C26DE;
			remoteInfo = FujiSort;
		};
/* End PBXContainerItemProxy section */

/* Begin PBXFileReference section */
		C27FD5E2303A2AEC007C26DE /* FujiSort.app */ = {isa = PBXFileReference; explicitFileType = wrapper.application; includeInIndex = 0; path = FujiSort.app; sourceTree = BUILT_PRODUCTS_DIR; };
		C27FD5F1303A2AEE007C26DE /* FujiSortTests.xctest */ = {isa = PBXFileReference; explicitFileType = wrapper.cfbundle; includeInIndex = 0; path = FujiSortTests.xctest; sourceTree = BUILT_PRODUCTS_DIR; };
		C27FD5FB303A2AEE007C26DE /* FujiSortUITests.xctest */ = {isa = PBXFileReference; explicitFileType = wrapper.cfbundle; includeInIndex = 0; path = FujiSortUITests.xctest; sourceTree = BUILT_PRODUCTS_DIR; };
/* End PBXFileReference section */

/* Begin PBXFileSystemSynchronizedRootGroup section */
		C27FD5E4303A2AEC007C26DE /* FujiSort */ = {
			isa = PBXFileSystemSynchronizedRootGroup;
			path = FujiSort;
			sourceTree = "<group>";
		};
		C27FD5F4303A2AEE007C26DE /* FujiSortTests */ = {
			isa = PBXFileSystemSynchronizedRootGroup;
			path = FujiSortTests;
			sourceTree = "<group>";
		};
		C27FD5FE303A2AEE007C26DE /* FujiSortUITests */ = {
			isa = PBXFileSystemSynchronizedRootGroup;
			path = FujiSortUITests;
			sourceTree = "<group>";
		};
/* End PBXFileSystemSynchronizedRootGroup section */

/* Begin PBXFrameworksBuildPhase section */
		C27FD5DF303A2AEC007C26DE /* Frameworks */ = {
			isa = PBXFrameworksBuildPhase;
			files = (
			);
		};
		C27FD5EE303A2AEE007C26DE /* Frameworks */ = {
			isa = PBXFrameworksBuildPhase;
			files = (
			);
		};
		C27FD5F8303A2AEE007C26DE /* Frameworks */ = {
			isa = PBXFrameworksBuildPhase;
			files = (
			);
		};
/* End PBXFrameworksBuildPhase section */

/* Begin PBXGroup section */
		C27FD5D9303A2AEC007C26DE = {
			isa = PBXGroup;
			children = (
				C27FD5E4303A2AEC007C26DE /* FujiSort */,
				C27FD5F4303A2AEE007C26DE /* FujiSortTests */,
				C27FD5FE303A2AEE007C26DE /* FujiSortUITests */,
				C27FD5E3303A2AEC007C26DE /* Products */,
			);
			sourceTree = "<group>";
		};
		C27FD5E3303A2AEC007C26DE /* Products */ = {
			isa = PBXGroup;
			children = (
				C27FD5E2303A2AEC007C26DE /* FujiSort.app */,
				C27FD5F1303A2AEE007C26DE /* FujiSortTests.xctest */,
				C27FD5FB303A2AEE007C26DE /* FujiSortUITests.xctest */,
			);
			name = Products;
			sourceTree = "<group>";
		};
/* End PBXGroup section */

/* Begin PBXNativeTarget section */
		C27FD5E1303A2AEC007C26DE /* FujiSort */ = {
			isa = PBXNativeTarget;
			buildConfigurationList = C27FD603303A2AEE007C26DE /* Build configuration list for PBXNativeTarget "FujiSort" */;
			buildPhases = (
				C27FD5DE303A2AEC007C26DE /* Sources */,
				C27FD5DF303A2AEC007C26DE /* Frameworks */,
				C27FD5E0303A2AEC007C26DE /* Resources */,
			);
			buildRules = (
			);
			fileSystemSynchronizedGroups = (
				C27FD5E4303A2AEC007C26DE /* FujiSort */,
			);
			name = FujiSort;
			productName = FujiSort;
			productReference = C27FD5E2303A2AEC007C26DE /* FujiSort.app */;
			productType = "com.apple.product-type.application";
		};
		C27FD5F0303A2AEE007C26DE /* FujiSortTests */ = {
			isa = PBXNativeTarget;
			buildConfigurationList = C27FD606303A2AEE007C26DE /* Build configuration list for PBXNativeTarget "FujiSortTests" */;
			buildPhases = (
				C27FD5ED303A2AEE007C26DE /* Sources */,
				C27FD5EE303A2AEE007C26DE /* Frameworks */,
				C27FD5EF303A2AEE007C26DE /* Resources */,
			);
			buildRules = (
			);
			dependencies = (
				C27FD5F3303A2AEE007C26DE /* PBXTargetDependency */,
			);
			fileSystemSynchronizedGroups = (
				C27FD5F4303A2AEE007C26DE /* FujiSortTests */,
			);
			name = FujiSortTests;
			productName = FujiSortTests;
			productReference = C27FD5F1303A2AEE007C26DE /* FujiSortTests.xctest */;
			productType = "com.apple.product-type.bundle.unit-test";
		};
		C27FD5FA303A2AEE007C26DE /* FujiSortUITests */ = {
			isa = PBXNativeTarget;
			buildConfigurationList = C27FD609303A2AEE007C26DE /* Build configuration list for PBXNativeTarget "FujiSortUITests" */;
			buildPhases = (
				C27FD5F7303A2AEE007C26DE /* Sources */,
				C27FD5F8303A2AEE007C26DE /* Frameworks */,
				C27FD5F9303A2AEE007C26DE /* Resources */,
			);
			buildRules = (
			);
			dependencies = (
				C27FD5FD303A2AEE007C26DE /* PBXTargetDependency */,
			);
			fileSystemSynchronizedGroups = (
				C27FD5FE303A2AEE007C26DE /* FujiSortUITests */,
			);
			name = FujiSortUITests;
			productName = FujiSortUITests;
			productReference = C27FD5FB303A2AEE007C26DE /* FujiSortUITests.xctest */;
			productType = "com.apple.product-type.bundle.ui-testing";
		};
/* End PBXNativeTarget section */

/* Begin PBXProject section */
		C27FD5DA303A2AEC007C26DE /* Project object */ = {
			isa = PBXProject;
			attributes = {
				BuildIndependentTargetsInParallel = 1;
				LastSwiftUpdateCheck = 2700;
				LastUpgradeCheck = 2700;
				TargetAttributes = {
					C27FD5E1303A2AEC007C26DE = {
						CreatedOnToolsVersion = 27.0;
					};
					C27FD5F0303A2AEE007C26DE = {
						CreatedOnToolsVersion = 27.0;
						TestTargetID = C27FD5E1303A2AEC007C26DE;
					};
					C27FD5FA303A2AEE007C26DE = {
						CreatedOnToolsVersion = 27.0;
						TestTargetID = C27FD5E1303A2AEC007C26DE;
					};
				};
			};
			buildConfigurationList = C27FD5DD303A2AEC007C26DE /* Build configuration list for PBXProject "FujiSort" */;
			developmentRegion = en;
			hasScannedForEncodings = 0;
			knownRegions = (
				en,
				Base,
			);
			mainGroup = C27FD5D9303A2AEC007C26DE;
			minimizedProjectReferenceProxies = 1;
			preferredProjectObjectVersion = 77;
			productRefGroup = C27FD5E3303A2AEC007C26DE /* Products */;
			projectDirPath = "";
			projectRoot = "";
			targets = (
				C27FD5E1303A2AEC007C26DE /* FujiSort */,
				C27FD5F0303A2AEE007C26DE /* FujiSortTests */,
				C27FD5FA303A2AEE007C26DE /* FujiSortUITests */,
			);
		};
/* End PBXProject section */

/* Begin PBXResourcesBuildPhase section */
		C27FD5E0303A2AEC007C26DE /* Resources */ = {
			isa = PBXResourcesBuildPhase;
			files = (
			);
		};
		C27FD5EF303A2AEE007C26DE /* Resources */ = {
			isa = PBXResourcesBuildPhase;
			files = (
			);
		};
		C27FD5F9303A2AEE007C26DE /* Resources */ = {
			isa = PBXResourcesBuildPhase;
			files = (
			);
		};
/* End PBXResourcesBuildPhase section */

/* Begin PBXSourcesBuildPhase section */
		C27FD5DE303A2AEC007C26DE /* Sources */ = {
			isa = PBXSourcesBuildPhase;
			files = (
			);
		};
		C27FD5ED303A2AEE007C26DE /* Sources */ = {
			isa = PBXSourcesBuildPhase;
			files = (
			);
		};
		C27FD5F7303A2AEE007C26DE /* Sources */ = {
			isa = PBXSourcesBuildPhase;
			files = (
			);
		};
/* End PBXSourcesBuildPhase section */

/* Begin PBXTargetDependency section */
		C27FD5F3303A2AEE007C26DE /* PBXTargetDependency */ = {
			isa = PBXTargetDependency;
			target = C27FD5E1303A2AEC007C26DE /* FujiSort */;
			targetProxy = C27FD5F2303A2AEE007C26DE /* PBXContainerItemProxy */;
		};
		C27FD5FD303A2AEE007C26DE /* PBXTargetDependency */ = {
			isa = PBXTargetDependency;
			target = C27FD5E1303A2AEC007C26DE /* FujiSort */;
			targetProxy = C27FD5FC303A2AEE007C26DE /* PBXContainerItemProxy */;
		};
/* End PBXTargetDependency section */

/* Begin XCBuildConfiguration section */
		C27FD601303A2AEE007C26DE /* Debug configuration for PBXProject "FujiSort" */ = {
			isa = XCBuildConfiguration;
			buildSettings = {
				ALWAYS_SEARCH_USER_PATHS = NO;
				ASSETCATALOG_COMPILER_GENERATE_SWIFT_ASSET_SYMBOL_EXTENSIONS = YES;
				CLANG_ANALYZER_NONNULL = YES;
				CLANG_ANALYZER_NUMBER_OBJECT_CONVERSION = YES_AGGRESSIVE;
				CLANG_CXX_LANGUAGE_STANDARD = "gnu++20";
				CLANG_ENABLE_MODULES = YES;
				CLANG_ENABLE_OBJC_ARC = YES;
				CLANG_ENABLE_OBJC_WEAK = YES;
				CLANG_WARN_BLOCK_CAPTURE_AUTORELEASING = YES;
				CLANG_WARN_BOOL_CONVERSION = YES;
				CLANG_WARN_COMMA = YES;
				CLANG_WARN_CONSTANT_CONVERSION = YES;
				CLANG_WARN_DEPRECATED_OBJC_IMPLEMENTATIONS = YES;
				CLANG_WARN_DIRECT_OBJC_ISA_USAGE = YES_ERROR;
				CLANG_WARN_DOCUMENTATION_COMMENTS = YES;
				CLANG_WARN_EMPTY_BODY = YES;
				CLANG_WARN_ENUM_CONVERSION = YES;
				CLANG_WARN_INFINITE_RECURSION = YES;
				CLANG_WARN_INT_CONVERSION = YES;
				CLANG_WARN_NON_LITERAL_NULL_CONVERSION = YES;
				CLANG_WARN_OBJC_IMPLICIT_RETAIN_SELF = YES;
				CLANG_WARN_OBJC_LITERAL_CONVERSION = YES;
				CLANG_WARN_OBJC_ROOT_CLASS = YES_ERROR;
				CLANG_WARN_QUOTED_INCLUDE_IN_FRAMEWORK_HEADER = YES;
				CLANG_WARN_RANGE_LOOP_ANALYSIS = YES;
				CLANG_WARN_STRICT_PROTOTYPES = YES;
				CLANG_WARN_SUSPICIOUS_MOVE = YES;
				CLANG_WARN_UNGUARDED_AVAILABILITY = YES_AGGRESSIVE;
				CLANG_WARN_UNREACHABLE_CODE = YES;
				CLANG_WARN__DUPLICATE_METHOD_MATCH = YES;
				COPY_PHASE_STRIP = NO;
				DEBUG_INFORMATION_FORMAT = dwarf;
				ENABLE_STRICT_OBJC_MSGSEND = YES;
				ENABLE_TESTABILITY = YES;
				ENABLE_USER_SCRIPT_SANDBOXING = YES;
				GCC_C_LANGUAGE_STANDARD = gnu17;
				GCC_DYNAMIC_NO_PIC = NO;
				GCC_NO_COMMON_BLOCKS = YES;
				GCC_OPTIMIZATION_LEVEL = 0;
				GCC_PREPROCESSOR_DEFINITIONS = (
					"DEBUG=1",
					"$(inherited)",
				);
				GCC_WARN_64_TO_32_BIT_CONVERSION = YES;
				GCC_WARN_ABOUT_RETURN_TYPE = YES_ERROR;
				GCC_WARN_UNDECLARED_SELECTOR = YES;
				GCC_WARN_UNINITIALIZED_AUTOS = YES_AGGRESSIVE;
				GCC_WARN_UNUSED_FUNCTION = YES;
				GCC_WARN_UNUSED_VARIABLE = YES;
				LOCALIZATION_PREFERS_STRING_CATALOGS = YES;
				MTL_ENABLE_DEBUG_INFO = INCLUDE_SOURCE;
				MTL_FAST_MATH = YES;
				ONLY_ACTIVE_ARCH = YES;
				SWIFT_ACTIVE_COMPILATION_CONDITIONS = "DEBUG $(inherited)";
				SWIFT_OPTIMIZATION_LEVEL = "-Onone";
			};
			name = Debug;
		};
		C27FD602303A2AEE007C26DE /* Release configuration for PBXProject "FujiSort" */ = {
			isa = XCBuildConfiguration;
			buildSettings = {
				ALWAYS_SEARCH_USER_PATHS = NO;
				ASSETCATALOG_COMPILER_GENERATE_SWIFT_ASSET_SYMBOL_EXTENSIONS = YES;
				CLANG_ANALYZER_NONNULL = YES;
				CLANG_ANALYZER_NUMBER_OBJECT_CONVERSION = YES_AGGRESSIVE;
				CLANG_CXX_LANGUAGE_STANDARD = "gnu++20";
				CLANG_ENABLE_MODULES = YES;
				CLANG_ENABLE_OBJC_ARC = YES;
				CLANG_ENABLE_OBJC_WEAK = YES;
				CLANG_WARN_BLOCK_CAPTURE_AUTORELEASING = YES;
				CLANG_WARN_BOOL_CONVERSION = YES;
				CLANG_WARN_COMMA = YES;
				CLANG_WARN_CONSTANT_CONVERSION = YES;
				CLANG_WARN_DEPRECATED_OBJC_IMPLEMENTATIONS = YES;
				CLANG_WARN_DIRECT_OBJC_ISA_USAGE = YES_ERROR;
				CLANG_WARN_DOCUMENTATION_COMMENTS = YES;
				CLANG_WARN_EMPTY_BODY = YES;
				CLANG_WARN_ENUM_CONVERSION = YES;
				CLANG_WARN_INFINITE_RECURSION = YES;
				CLANG_WARN_INT_CONVERSION = YES;
				CLANG_WARN_NON_LITERAL_NULL_CONVERSION = YES;
				CLANG_WARN_OBJC_IMPLICIT_RETAIN_SELF = YES;
				CLANG_WARN_OBJC_LITERAL_CONVERSION = YES;
				CLANG_WARN_OBJC_ROOT_CLASS = YES_ERROR;
				CLANG_WARN_QUOTED_INCLUDE_IN_FRAMEWORK_HEADER = YES;
				CLANG_WARN_RANGE_LOOP_ANALYSIS = YES;
				CLANG_WARN_STRICT_PROTOTYPES = YES;
				CLANG_WARN_SUSPICIOUS_MOVE = YES;
				CLANG_WARN_UNGUARDED_AVAILABILITY = YES_AGGRESSIVE;
				CLANG_WARN_UNREACHABLE_CODE = YES;
				CLANG_WARN__DUPLICATE_METHOD_MATCH = YES;
				COPY_PHASE_STRIP = NO;
				DEBUG_INFORMATION_FORMAT = "dwarf-with-dsym";
				ENABLE_NS_ASSERTIONS = NO;
				ENABLE_STRICT_OBJC_MSGSEND = YES;
				ENABLE_USER_SCRIPT_SANDBOXING = YES;
				GCC_C_LANGUAGE_STANDARD = gnu17;
				GCC_NO_COMMON_BLOCKS = YES;
				GCC_WARN_64_TO_32_BIT_CONVERSION = YES;
				GCC_WARN_ABOUT_RETURN_TYPE = YES_ERROR;
				GCC_WARN_UNDECLARED_SELECTOR = YES;
				GCC_WARN_UNINITIALIZED_AUTOS = YES_AGGRESSIVE;
				GCC_WARN_UNUSED_FUNCTION = YES;
				GCC_WARN_UNUSED_VARIABLE = YES;
				LOCALIZATION_PREFERS_STRING_CATALOGS = YES;
				MTL_ENABLE_DEBUG_INFO = NO;
				MTL_FAST_MATH = YES;
				SWIFT_COMPILATION_MODE = wholemodule;
			};
			name = Release;
		};
		C27FD604303A2AEE007C26DE /* Debug configuration for PBXNativeTarget "FujiSort" */ = {
			isa = XCBuildConfiguration;
			buildSettings = {
				ASSETCATALOG_COMPILER_APPICON_NAME = AppIcon;
				ASSETCATALOG_COMPILER_GLOBAL_ACCENT_COLOR_NAME = AccentColor;
				CODE_SIGN_STYLE = Automatic;
				CURRENT_PROJECT_VERSION = 1;
				ENABLE_APP_SANDBOX = YES;
				ENABLE_PREVIEWS = YES;
				ENABLE_USER_SELECTED_FILES = readonly;
				GENERATE_INFOPLIST_FILE = YES;
				"INFOPLIST_KEY_UIApplicationSceneManifest_Generation[sdk=iphoneos*]" = YES;
				"INFOPLIST_KEY_UIApplicationSceneManifest_Generation[sdk=iphonesimulator*]" = YES;
				"INFOPLIST_KEY_UIApplicationSupportsIndirectInputEvents[sdk=iphoneos*]" = YES;
				"INFOPLIST_KEY_UIApplicationSupportsIndirectInputEvents[sdk=iphonesimulator*]" = YES;
				"INFOPLIST_KEY_UILaunchScreen_Generation[sdk=iphoneos*]" = YES;
				"INFOPLIST_KEY_UILaunchScreen_Generation[sdk=iphonesimulator*]" = YES;
				"INFOPLIST_KEY_UIStatusBarStyle[sdk=iphoneos*]" = UIStatusBarStyleDefault;
				"INFOPLIST_KEY_UIStatusBarStyle[sdk=iphonesimulator*]" = UIStatusBarStyleDefault;
				INFOPLIST_KEY_UISupportedInterfaceOrientations_iPad = "UIInterfaceOrientationPortrait UIInterfaceOrientationPortraitUpsideDown UIInterfaceOrientationLandscapeLeft UIInterfaceOrientationLandscapeRight";
				INFOPLIST_KEY_UISupportedInterfaceOrientations_iPhone = "UIInterfaceOrientationPortrait UIInterfaceOrientationLandscapeLeft UIInterfaceOrientationLandscapeRight";
				IPHONEOS_DEPLOYMENT_TARGET = 27.0;
				LD_RUNPATH_SEARCH_PATHS = "@executable_path/Frameworks";
				"LD_RUNPATH_SEARCH_PATHS[sdk=macosx*]" = "@executable_path/../Frameworks";
				MACOSX_DEPLOYMENT_TARGET = 26.6;
				MARKETING_VERSION = 1.0;
				PRODUCT_BUNDLE_IDENTIFIER = com.fianchetto.FujiSort;
				PRODUCT_NAME = "$(TARGET_NAME)";
				REGISTER_APP_GROUPS = YES;
				SDKROOT = auto;
				STRING_CATALOG_GENERATE_SYMBOLS = YES;
				SUPPORTED_PLATFORMS = "iphoneos iphonesimulator macosx xros xrsimulator";
				SWIFT_APPROACHABLE_CONCURRENCY = YES;
				SWIFT_DEFAULT_ACTOR_ISOLATION = MainActor;
				SWIFT_EMIT_LOC_STRINGS = YES;
				SWIFT_UPCOMING_FEATURE_MEMBER_IMPORT_VISIBILITY = YES;
				SWIFT_VERSION = 5.0;
				TARGETED_DEVICE_FAMILY = "1,2,7";
				XROS_DEPLOYMENT_TARGET = 27.0;
			};
			name = Debug;
		};
		C27FD605303A2AEE007C26DE /* Release configuration for PBXNativeTarget "FujiSort" */ = {
			isa = XCBuildConfiguration;
			buildSettings = {
				ASSETCATALOG_COMPILER_APPICON_NAME = AppIcon;
				ASSETCATALOG_COMPILER_GLOBAL_ACCENT_COLOR_NAME = AccentColor;
				CODE_SIGN_STYLE = Automatic;
				CURRENT_PROJECT_VERSION = 1;
				ENABLE_APP_SANDBOX = YES;
				ENABLE_PREVIEWS = YES;
				ENABLE_USER_SELECTED_FILES = readonly;
				GENERATE_INFOPLIST_FILE = YES;
				"INFOPLIST_KEY_UIApplicationSceneManifest_Generation[sdk=iphoneos*]" = YES;
				"INFOPLIST_KEY_UIApplicationSceneManifest_Generation[sdk=iphonesimulator*]" = YES;
				"INFOPLIST_KEY_UIApplicationSupportsIndirectInputEvents[sdk=iphoneos*]" = YES;
				"INFOPLIST_KEY_UIApplicationSupportsIndirectInputEvents[sdk=iphonesimulator*]" = YES;
				"INFOPLIST_KEY_UILaunchScreen_Generation[sdk=iphoneos*]" = YES;
				"INFOPLIST_KEY_UILaunchScreen_Generation[sdk=iphonesimulator*]" = YES;
				"INFOPLIST_KEY_UIStatusBarStyle[sdk=iphoneos*]" = UIStatusBarStyleDefault;
				"INFOPLIST_KEY_UIStatusBarStyle[sdk=iphonesimulator*]" = UIStatusBarStyleDefault;
				INFOPLIST_KEY_UISupportedInterfaceOrientations_iPad = "UIInterfaceOrientationPortrait UIInterfaceOrientationPortraitUpsideDown UIInterfaceOrientationLandscapeLeft UIInterfaceOrientationLandscapeRight";
				INFOPLIST_KEY_UISupportedInterfaceOrientations_iPhone = "UIInterfaceOrientationPortrait UIInterfaceOrientationLandscapeLeft UIInterfaceOrientationLandscapeRight";
				IPHONEOS_DEPLOYMENT_TARGET = 27.0;
				LD_RUNPATH_SEARCH_PATHS = "@executable_path/Frameworks";
				"LD_RUNPATH_SEARCH_PATHS[sdk=macosx*]" = "@executable_path/../Frameworks";
				MACOSX_DEPLOYMENT_TARGET = 26.6;
				MARKETING_VERSION = 1.0;
				PRODUCT_BUNDLE_IDENTIFIER = com.fianchetto.FujiSort;
				PRODUCT_NAME = "$(TARGET_NAME)";
				REGISTER_APP_GROUPS = YES;
				SDKROOT = auto;
				STRING_CATALOG_GENERATE_SYMBOLS = YES;
				SUPPORTED_PLATFORMS = "iphoneos iphonesimulator macosx xros xrsimulator";
				SWIFT_APPROACHABLE_CONCURRENCY = YES;
				SWIFT_DEFAULT_ACTOR_ISOLATION = MainActor;
				SWIFT_EMIT_LOC_STRINGS = YES;
				SWIFT_UPCOMING_FEATURE_MEMBER_IMPORT_VISIBILITY = YES;
				SWIFT_VERSION = 5.0;
				TARGETED_DEVICE_FAMILY = "1,2,7";
				XROS_DEPLOYMENT_TARGET = 27.0;
			};
			name = Release;
		};
		C27FD607303A2AEE007C26DE /* Debug configuration for PBXNativeTarget "FujiSortTests" */ = {
			isa = XCBuildConfiguration;
			buildSettings = {
				BUNDLE_LOADER = "$(TEST_HOST)";
				CODE_SIGN_STYLE = Automatic;
				CURRENT_PROJECT_VERSION = 1;
				GENERATE_INFOPLIST_FILE = YES;
				IPHONEOS_DEPLOYMENT_TARGET = 27.0;
				MACOSX_DEPLOYMENT_TARGET = 26.6;
				MARKETING_VERSION = 1.0;
				PRODUCT_BUNDLE_IDENTIFIER = com.fianchetto.FujiSortTests;
				PRODUCT_NAME = "$(TARGET_NAME)";
				SDKROOT = auto;
				STRING_CATALOG_GENERATE_SYMBOLS = NO;
				SUPPORTED_PLATFORMS = "iphoneos iphonesimulator macosx xros xrsimulator";
				SWIFT_APPROACHABLE_CONCURRENCY = YES;
				SWIFT_EMIT_LOC_STRINGS = NO;
				SWIFT_UPCOMING_FEATURE_MEMBER_IMPORT_VISIBILITY = YES;
				SWIFT_VERSION = 5.0;
				TARGETED_DEVICE_FAMILY = "1,2,7";
				TEST_HOST = "$(BUILT_PRODUCTS_DIR)/FujiSort.app/$(BUNDLE_EXECUTABLE_FOLDER_PATH)/FujiSort";
				XROS_DEPLOYMENT_TARGET = 27.0;
			};
			name = Debug;
		};
		C27FD608303A2AEE007C26DE /* Release configuration for PBXNativeTarget "FujiSortTests" */ = {
			isa = XCBuildConfiguration;
			buildSettings = {
				BUNDLE_LOADER = "$(TEST_HOST)";
				CODE_SIGN_STYLE = Automatic;
				CURRENT_PROJECT_VERSION = 1;
				GENERATE_INFOPLIST_FILE = YES;
				IPHONEOS_DEPLOYMENT_TARGET = 27.0;
				MACOSX_DEPLOYMENT_TARGET = 26.6;
				MARKETING_VERSION = 1.0;
				PRODUCT_BUNDLE_IDENTIFIER = com.fianchetto.FujiSortTests;
				PRODUCT_NAME = "$(TARGET_NAME)";
				SDKROOT = auto;
				STRING_CATALOG_GENERATE_SYMBOLS = NO;
				SUPPORTED_PLATFORMS = "iphoneos iphonesimulator macosx xros xrsimulator";
				SWIFT_APPROACHABLE_CONCURRENCY = YES;
				SWIFT_EMIT_LOC_STRINGS = NO;
				SWIFT_UPCOMING_FEATURE_MEMBER_IMPORT_VISIBILITY = YES;
				SWIFT_VERSION = 5.0;
				TARGETED_DEVICE_FAMILY = "1,2,7";
				TEST_HOST = "$(BUILT_PRODUCTS_DIR)/FujiSort.app/$(BUNDLE_EXECUTABLE_FOLDER_PATH)/FujiSort";
				XROS_DEPLOYMENT_TARGET = 27.0;
			};
			name = Release;
		};
		C27FD60A303A2AEE007C26DE /* Debug configuration for PBXNativeTarget "FujiSortUITests" */ = {
			isa = XCBuildConfiguration;
			buildSettings = {
				CODE_SIGN_STYLE = Automatic;
				CURRENT_PROJECT_VERSION = 1;
				GENERATE_INFOPLIST_FILE = YES;
				IPHONEOS_DEPLOYMENT_TARGET = 27.0;
				MACOSX_DEPLOYMENT_TARGET = 26.6;
				MARKETING_VERSION = 1.0;
				PRODUCT_BUNDLE_IDENTIFIER = com.fianchetto.FujiSortUITests;
				PRODUCT_NAME = "$(TARGET_NAME)";
				SDKROOT = auto;
				STRING_CATALOG_GENERATE_SYMBOLS = NO;
				SUPPORTED_PLATFORMS = "iphoneos iphonesimulator macosx xros xrsimulator";
				SWIFT_APPROACHABLE_CONCURRENCY = YES;
				SWIFT_EMIT_LOC_STRINGS = NO;
				SWIFT_UPCOMING_FEATURE_MEMBER_IMPORT_VISIBILITY = YES;
				SWIFT_VERSION = 5.0;
				TARGETED_DEVICE_FAMILY = "1,2,7";
				TEST_TARGET_NAME = FujiSort;
				XROS_DEPLOYMENT_TARGET = 27.0;
			};
			name = Debug;
		};
		C27FD60B303A2AEE007C26DE /* Release configuration for PBXNativeTarget "FujiSortUITests" */ = {
			isa = XCBuildConfiguration;
			buildSettings = {
				CODE_SIGN_STYLE = Automatic;
				CURRENT_PROJECT_VERSION = 1;
				GENERATE_INFOPLIST_FILE = YES;
				IPHONEOS_DEPLOYMENT_TARGET = 27.0;
				MACOSX_DEPLOYMENT_TARGET = 26.6;
				MARKETING_VERSION = 1.0;
				PRODUCT_BUNDLE_IDENTIFIER = com.fianchetto.FujiSortUITests;
				PRODUCT_NAME = "$(TARGET_NAME)";
				SDKROOT = auto;
				STRING_CATALOG_GENERATE_SYMBOLS = NO;
				SUPPORTED_PLATFORMS = "iphoneos iphonesimulator macosx xros xrsimulator";
				SWIFT_APPROACHABLE_CONCURRENCY = YES;
				SWIFT_EMIT_LOC_STRINGS = NO;
				SWIFT_UPCOMING_FEATURE_MEMBER_IMPORT_VISIBILITY = YES;
				SWIFT_VERSION = 5.0;
				TARGETED_DEVICE_FAMILY = "1,2,7";
				TEST_TARGET_NAME = FujiSort;
				XROS_DEPLOYMENT_TARGET = 27.0;
			};
			name = Release;
		};
/* End XCBuildConfiguration section */

/* Begin XCConfigurationList section */
		C27FD5DD303A2AEC007C26DE /* Build configuration list for PBXProject "FujiSort" */ = {
			isa = XCConfigurationList;
			buildConfigurations = (
				C27FD601303A2AEE007C26DE /* Debug configuration for PBXProject "FujiSort" */,
				C27FD602303A2AEE007C26DE /* Release configuration for PBXProject "FujiSort" */,
			);
			defaultConfigurationName = Release;
		};
		C27FD603303A2AEE007C26DE /* Build configuration list for PBXNativeTarget "FujiSort" */ = {
			isa = XCConfigurationList;
			buildConfigurations = (
				C27FD604303A2AEE007C26DE /* Debug configuration for PBXNativeTarget "FujiSort" */,
				C27FD605303A2AEE007C26DE /* Release configuration for PBXNativeTarget "FujiSort" */,
			);
			defaultConfigurationName = Release;
		};
		C27FD606303A2AEE007C26DE /* Build configuration list for PBXNativeTarget "FujiSortTests" */ = {
			isa = XCConfigurationList;
			buildConfigurations = (
				C27FD607303A2AEE007C26DE /* Debug configuration for PBXNativeTarget "FujiSortTests" */,
				C27FD608303A2AEE007C26DE /* Release configuration for PBXNativeTarget "FujiSortTests" */,
			);
			defaultConfigurationName = Release;
		};
		C27FD609303A2AEE007C26DE /* Build configuration list for PBXNativeTarget "FujiSortUITests" */ = {
			isa = XCConfigurationList;
			buildConfigurations = (
				C27FD60A303A2AEE007C26DE /* Debug configuration for PBXNativeTarget "FujiSortUITests" */,
				C27FD60B303A2AEE007C26DE /* Release configuration for PBXNativeTarget "FujiSortUITests" */,
			);
			defaultConfigurationName = Release;
		};
/* End XCConfigurationList section */
	};
	rootObject = C27FD5DA303A2AEC007C26DE /* Project object */;
	validationLevel = 1;
}
